
Microsoft Visual Studio Solution File, Format Version 12.00
Project("{FAE04EC0-301F-11D3-BF4B-00C04F79EFBC}") = "Galaga-Exercise-1", "Galaga-Exercise-1\Galaga-Exercise-1.csproj", "{487BA5E3-4C3A-4C47-B1E7-F1E982DB5C54}"
EndProject
Project("{FAE04EC0-301F-11D3-BF4B-00C04F79EFBC}") = "Galaga-Exercise-2", "Galaga-Exercise-2\Galaga-Exercise-2.csproj", "{EC364410-15FB-42E2-9C96-A23976F2BB45}"
EndProject
Project("{FAE04EC0-301F-11D3-BF4B-00C04F79EFBC}") = "DIKUArcade", "..\DIKUArcade\DIKUArcade\DIKUArcade.csproj", "{A1E4E4DF-0967-4096-9E3C-FBC29B7D07DD}"
EndProject
Project("{FAE04EC0-301F-11D3-BF4B-00C04F79EFBC}") = "Galaga-Exercise-3", "Galaga-Exercise-3\Galaga-Exercise-3.csproj", "{8A75F481-DDF1-410E-8909-D656CABA6640}"
EndProject
Project("{FAE04EC0-301F-11D3-BF4B-00C04F79EFBC}") = "TestGalaga3", "TestGalaga3\TestGalaga3.csproj", "{F5685F3F-A904-4A5C-B7F1-5E7396DBD494}"
EndProject
Global
	GlobalSection(SolutionConfigurationPlatforms) = preSolution
		Debug|Any CPU = Debug|Any CPU
		Release|Any CPU = Release|Any CPU
	EndGlobalSection
	GlobalSection(ProjectConfigurationPlatforms) = postSolution
		{487BA5E3-4C3A-4C47-B1E7-F1E982DB5C54}.Debug|Any CPU.ActiveCfg = Debug|Any CPU
		{487BA5E3-4C3A-4C47-B1E7-F1E982DB5C54}.Debug|Any CPU.Build.0 = Debug|Any CPU
		{487BA5E3-4C3A-4C47-B1E7-F1E982DB5C54}.Release|Any CPU.ActiveCfg = Release|Any CPU
		{487BA5E3-4C3A-4C47-B1E7-F1E982DB5C54}.Release|Any CPU.Build.0 = Release|Any CPU
		{EC364410-15FB-42E2-9C96-A23976F2BB45}.Debug|Any CPU.ActiveCfg = Debug|Any CPU
		{EC364410-15FB-42E2-9C96-A23976F2BB45}.Debug|Any CPU.Build.0 = Debug|Any CPU
		{EC364410-15FB-42E2-9C96-A23976F2BB45}.Release|Any CPU.ActiveCfg = Release|Any CPU
		{EC364410-15FB-42E2-9C96-A23976F2BB45}.Release|Any CPU.Build.0 = Release|Any CPU
		{8A75F481-DDF1-410E-8909-D656CABA6640}.Debug|Any CPU.ActiveCfg = Debug|Any CPU
		{8A75F481-DDF1-410E-8909-D656CABA6640}.Debug|Any CPU.Build.0 = Debug|Any CPU
		{8A75F481-DDF1-410E-8909-D656CABA6640}.Release|Any CPU.ActiveCfg = Release|Any CPU
		{8A75F481-DDF1-410E-8909-D656CABA6640}.Release|Any CPU.Build.0 = Release|Any CPU
		{F5685F3F-A904-4A5C-B7F1-5E7396DBD494}.Debug|Any CPU.ActiveCfg = Debug|Any CPU
		{F5685F3F-A904-4A5C-B7F1-5E7396DBD494}.Debug|Any CPU.Build.0 = Debug|Any CPU
		{F5685F3F-A904-4A5C-B7F1-5E7396DBD494}.Release|Any CPU.ActiveCfg = Release|Any CPU
		{F5685F3F-A904-4A5C-B7F1-5E7396DBD494}.Release|Any CPU.Build.0 = Release|Any CPU
	EndGlobalSection
EndGlobal
